
Microsoft Visual Studio Solution File, Format Version 12.00
# Visual Studio Version 17
VisualStudioVersion = 17.3.32901.215
MinimumVisualStudioVersion = 10.0.40219.1
Project("{FAE04EC0-301F-11D3-BF4B-00C04F79EFBC}") = "qqqq", "qqqq.csproj", "{4FDB930C-DB7A-40F7-8692-5C40FE66E84E}"
EndProject
Global
	GlobalSection(SolutionConfigurationPlatforms) = preSolution
		Debug|Any CPU = Debug|Any CPU
		Release|Any CPU = Release|Any CPU
	EndGlobalSection
	GlobalSection(ProjectConfigurationPlatforms) = postSolution
		{4FDB930C-DB7A-40F7-8692-5C40FE66E84E}.Debug|Any CPU.ActiveCfg = Debug|Any CPU
		{4FDB930C-DB7A-40F7-8692-5C40FE66E84E}.Debug|Any CPU.Build.0 = Debug|Any CPU
		{4FDB930C-DB7A-40F7-8692-5C40FE66E84E}.Release|Any CPU.ActiveCfg = Release|Any CPU
		{4FDB930C-DB7A-40F7-8692-5C40FE66E84E}.Release|Any CPU.Build.0 = Release|Any CPU
	EndGlobalSection
	GlobalSection(SolutionProperties) = preSolution
		HideSolutionNode = FALSE
	EndGlobalSection
	GlobalSection(ExtensibilityGlobals) = postSolution
		SolutionGuid = {EA291172-0D3C-4EF5-BE49-2477C6B59755}
	EndGlobalSection
EndGlobal
